
Microsoft Visual Studio Solution File, Format Version 12.00
# Visual Studio Version 17
VisualStudioVersion = 17.2.32630.192
MinimumVisualStudioVersion = 10.0.40219.1
Project("{FAE04EC0-301F-11D3-BF4B-00C04F79EFBC}") = "Atvd PDS", "Atvd PDS\Atvd PDS.csproj", "{385C32B6-8AA5-4AFA-AFD0-23AA88C534F1}"
EndProject
Global
	GlobalSection(SolutionConfigurationPlatforms) = preSolution
		Debug|Any CPU = Debug|Any CPU
		Release|Any CPU = Release|Any CPU
	EndGlobalSection
	GlobalSection(ProjectConfigurationPlatforms) = postSolution
		{385C32B6-8AA5-4AFA-AFD0-23AA88C534F1}.Debug|Any CPU.ActiveCfg = Debug|Any CPU
		{385C32B6-8AA5-4AFA-AFD0-23AA88C534F1}.Debug|Any CPU.Build.0 = Debug|Any CPU
		{385C32B6-8AA5-4AFA-AFD0-23AA88C534F1}.Release|Any CPU.ActiveCfg = Release|Any CPU
		{385C32B6-8AA5-4AFA-AFD0-23AA88C534F1}.Release|Any CPU.Build.0 = Release|Any CPU
	EndGlobalSection
	GlobalSection(SolutionProperties) = preSolution
		HideSolutionNode = FALSE
	EndGlobalSection
	GlobalSection(ExtensibilityGlobals) = postSolution
		SolutionGuid = {859F5EAB-0BF6-4E98-AE19-5E0CACAA4332}
	EndGlobalSection
EndGlobal
